
Microsoft Visual Studio Solution File, Format Version 12.00
# Visual Studio Version 17
VisualStudioVersion = 17.5.33516.290
MinimumVisualStudioVersion = 10.0.40219.1
Project("{FAE04EC0-301F-11D3-BF4B-00C04F79EFBC}") = "TestApplication", "TestApplication\TestApplication.csproj", "{A65BE72F-B341-4F4C-A5E7-129F52550373}"
EndProject
Global
	GlobalSection(SolutionConfigurationPlatforms) = preSolution
		Debug|Any CPU = Debug|Any CPU
		Release|Any CPU = Release|Any CPU
	EndGlobalSection
	GlobalSection(ProjectConfigurationPlatforms) = postSolution
		{A65BE72F-B341-4F4C-A5E7-129F52550373}.Debug|Any CPU.ActiveCfg = Debug|Any CPU
		{A65BE72F-B341-4F4C-A5E7-129F52550373}.Debug|Any CPU.Build.0 = Debug|Any CPU
		{A65BE72F-B341-4F4C-A5E7-129F52550373}.Release|Any CPU.ActiveCfg = Release|Any CPU
		{A65BE72F-B341-4F4C-A5E7-129F52550373}.Release|Any CPU.Build.0 = Release|Any CPU
	EndGlobalSection
	GlobalSection(SolutionProperties) = preSolution
		HideSolutionNode = FALSE
	EndGlobalSection
	GlobalSection(ExtensibilityGlobals) = postSolution
		SolutionGuid = {0F5FFD18-71DD-4670-A6FE-D3A5DF7B1B3C}
	EndGlobalSection
EndGlobal
